{
  "name": "tech-blog",
  "version": "1.0.0",
  "lockfileVersion": 2,
  "requires": true,
  "packages": {
    "": {
      "name": "tech-blog",
      "version": "1.0.0",
      "license": "ISC",
      "dependencies": {
        "zenn-cli": "^0.1.119"
      }
    },
    "node_modules/zenn-cli": {
      "version": "0.1.119",
      "resolved": "https://registry.npmjs.org/zenn-cli/-/zenn-cli-0.1.119.tgz",
      "integrity": "sha512-28qcKbrsZp0zHJJvXgUQlvOmcMIvBfJeyRBk17DFfcuvFykR0KiJcBuFyRQPINi2a2x3jJ8yyjyzIOCb2HmTmQ==",
      "bin": {
        "zenn": "dist/server/zenn.js"
      },
      "engines": {
        "node": ">=14.0.0"
      }
    }
  },
  "dependencies": {
    "zenn-cli": {
      "version": "0.1.119",
      "resolved": "https://registry.npmjs.org/zenn-cli/-/zenn-cli-0.1.119.tgz",
      "integrity": "sha512-28qcKbrsZp0zHJJvXgUQlvOmcMIvBfJeyRBk17DFfcuvFykR0KiJcBuFyRQPINi2a2x3jJ8yyjyzIOCb2HmTmQ=="
    }
  }
}
